
Microsoft Visual Studio Solution File, Format Version 12.00
# Visual Studio 15
VisualStudioVersion = 15.0.28307.271
MinimumVisualStudioVersion = 10.0.40219.1
Project("{9A19103F-16F7-4668-BE54-9A1E7A4F7556}") = "Week4MVCReview", "Week4MVCReview\Week4MVCReview.csproj", "{C19993F1-7E28-4FD5-A465-C81539CBA518}"
EndProject
Project("{FAE04EC0-301F-11D3-BF4B-00C04F79EFBC}") = "XUnitTestProject1", "XUnitTestProject1\XUnitTestProject1.csproj", "{9B073325-F7EF-4AEF-BC2D-C08402016EFD}"
EndProject
Global
	GlobalSection(SolutionConfigurationPlatforms) = preSolution
		Debug|Any CPU = Debug|Any CPU
		Release|Any CPU = Release|Any CPU
	EndGlobalSection
	GlobalSection(ProjectConfigurationPlatforms) = postSolution
		{C19993F1-7E28-4FD5-A465-C81539CBA518}.Debug|Any CPU.ActiveCfg = Debug|Any CPU
		{C19993F1-7E28-4FD5-A465-C81539CBA518}.Debug|Any CPU.Build.0 = Debug|Any CPU
		{C19993F1-7E28-4FD5-A465-C81539CBA518}.Release|Any CPU.ActiveCfg = Release|Any CPU
		{C19993F1-7E28-4FD5-A465-C81539CBA518}.Release|Any CPU.Build.0 = Release|Any CPU
		{9B073325-F7EF-4AEF-BC2D-C08402016EFD}.Debug|Any CPU.ActiveCfg = Debug|Any CPU
		{9B073325-F7EF-4AEF-BC2D-C08402016EFD}.Debug|Any CPU.Build.0 = Debug|Any CPU
		{9B073325-F7EF-4AEF-BC2D-C08402016EFD}.Release|Any CPU.ActiveCfg = Release|Any CPU
		{9B073325-F7EF-4AEF-BC2D-C08402016EFD}.Release|Any CPU.Build.0 = Release|Any CPU
	EndGlobalSection
	GlobalSection(SolutionProperties) = preSolution
		HideSolutionNode = FALSE
	EndGlobalSection
	GlobalSection(ExtensibilityGlobals) = postSolution
		SolutionGuid = {9EA4B649-8436-4CC5-BCC0-D436FFA83427}
	EndGlobalSection
EndGlobal
