
Microsoft Visual Studio Solution File, Format Version 12.00
# Visual Studio 15
VisualStudioVersion = 15.0.28010.2036
MinimumVisualStudioVersion = 10.0.40219.1
Project("{FAE04EC0-301F-11D3-BF4B-00C04F79EFBC}") = "RecursiveDemo", "RecursiveDemo\RecursiveDemo.csproj", "{2A64ABDE-2185-4663-B3B2-240B92B3C4DD}"
EndProject
Global
	GlobalSection(SolutionConfigurationPlatforms) = preSolution
		Debug|Any CPU = Debug|Any CPU
		Release|Any CPU = Release|Any CPU
	EndGlobalSection
	GlobalSection(ProjectConfigurationPlatforms) = postSolution
		{2A64ABDE-2185-4663-B3B2-240B92B3C4DD}.Debug|Any CPU.ActiveCfg = Debug|Any CPU
		{2A64ABDE-2185-4663-B3B2-240B92B3C4DD}.Debug|Any CPU.Build.0 = Debug|Any CPU
		{2A64ABDE-2185-4663-B3B2-240B92B3C4DD}.Release|Any CPU.ActiveCfg = Release|Any CPU
		{2A64ABDE-2185-4663-B3B2-240B92B3C4DD}.Release|Any CPU.Build.0 = Release|Any CPU
	EndGlobalSection
	GlobalSection(SolutionProperties) = preSolution
		HideSolutionNode = FALSE
	EndGlobalSection
	GlobalSection(ExtensibilityGlobals) = postSolution
		SolutionGuid = {B14D16AC-F049-4A46-BC6E-921AF000C3B0}
	EndGlobalSection
EndGlobal
