
Microsoft Visual Studio Solution File, Format Version 12.00
# Visual Studio 15
VisualStudioVersion = 15.0.28010.2036
MinimumVisualStudioVersion = 10.0.40219.1
Project("{FAE04EC0-301F-11D3-BF4B-00C04F79EFBC}") = "TestBreakout", "TestBreakout\TestBreakout.csproj", "{77AF9B2D-919B-4883-AE24-FD788C11C6EF}"
EndProject
Project("{FAE04EC0-301F-11D3-BF4B-00C04F79EFBC}") = "XUnitTestProject1", "XUnitTestProject1\XUnitTestProject1.csproj", "{BD732364-4FAC-487A-864A-2896431C6E1E}"
EndProject
Global
	GlobalSection(SolutionConfigurationPlatforms) = preSolution
		Debug|Any CPU = Debug|Any CPU
		Release|Any CPU = Release|Any CPU
	EndGlobalSection
	GlobalSection(ProjectConfigurationPlatforms) = postSolution
		{77AF9B2D-919B-4883-AE24-FD788C11C6EF}.Debug|Any CPU.ActiveCfg = Debug|Any CPU
		{77AF9B2D-919B-4883-AE24-FD788C11C6EF}.Debug|Any CPU.Build.0 = Debug|Any CPU
		{77AF9B2D-919B-4883-AE24-FD788C11C6EF}.Release|Any CPU.ActiveCfg = Release|Any CPU
		{77AF9B2D-919B-4883-AE24-FD788C11C6EF}.Release|Any CPU.Build.0 = Release|Any CPU
		{BD732364-4FAC-487A-864A-2896431C6E1E}.Debug|Any CPU.ActiveCfg = Debug|Any CPU
		{BD732364-4FAC-487A-864A-2896431C6E1E}.Debug|Any CPU.Build.0 = Debug|Any CPU
		{BD732364-4FAC-487A-864A-2896431C6E1E}.Release|Any CPU.ActiveCfg = Release|Any CPU
		{BD732364-4FAC-487A-864A-2896431C6E1E}.Release|Any CPU.Build.0 = Release|Any CPU
	EndGlobalSection
	GlobalSection(SolutionProperties) = preSolution
		HideSolutionNode = FALSE
	EndGlobalSection
	GlobalSection(ExtensibilityGlobals) = postSolution
		SolutionGuid = {E940B9A7-D120-4F04-A4B6-E73F172A7DB9}
	EndGlobalSection
EndGlobal
