
Microsoft Visual Studio Solution File, Format Version 12.00
# Visual Studio 15
VisualStudioVersion = 15.0.28307.271
MinimumVisualStudioVersion = 10.0.40219.1
Project("{FAE04EC0-301F-11D3-BF4B-00C04F79EFBC}") = "MusicPlayerAPI", "MusicPlayerAPI\MusicPlayerAPI.csproj", "{C9D6A4BB-A9C1-425C-B9B0-680E114DDF93}"
EndProject
Global
	GlobalSection(SolutionConfigurationPlatforms) = preSolution
		Debug|Any CPU = Debug|Any CPU
		Release|Any CPU = Release|Any CPU
	EndGlobalSection
	GlobalSection(ProjectConfigurationPlatforms) = postSolution
		{C9D6A4BB-A9C1-425C-B9B0-680E114DDF93}.Debug|Any CPU.ActiveCfg = Debug|Any CPU
		{C9D6A4BB-A9C1-425C-B9B0-680E114DDF93}.Debug|Any CPU.Build.0 = Debug|Any CPU
		{C9D6A4BB-A9C1-425C-B9B0-680E114DDF93}.Release|Any CPU.ActiveCfg = Release|Any CPU
		{C9D6A4BB-A9C1-425C-B9B0-680E114DDF93}.Release|Any CPU.Build.0 = Release|Any CPU
	EndGlobalSection
	GlobalSection(SolutionProperties) = preSolution
		HideSolutionNode = FALSE
	EndGlobalSection
	GlobalSection(ExtensibilityGlobals) = postSolution
		SolutionGuid = {10B46F3A-5B46-48A9-947C-A11006955B53}
	EndGlobalSection
EndGlobal
